{
  "files": {
    "agents/mercury-acceptance.toml": "4594ded38a042a9d65d1f398de8f31257dbeeaa8a01c33d0b48c82d9f83f34f2",
    "agents/mercury-dev.toml": "20e114530dddc66281ce545fe0ff3b266d9718338266a73c295f5ac34ba7141d",
    "agents/mercury-reviewer.toml": "71876c01cb629cd415e102105cd6dc80dd88ad08a941b6e3d192f2d4b8016978",
    "project/mercury-task-contract.md": "a70bb5c5753363229859345e4ada819705026cd7b7f5c83fea0faed5b72f6975",
    "rules/mercury-git-safety.rules": "a755ec542cfbbc42dd496613fc7978a3c9d0c02b94868c8c1e8338be656b22c7"
  },
  "manifest_sha256": "cd15eb678bc5fc56fee0a27ae1d144384bf7ca7e0db54013e1c90f9ab2b31239",
  "schema_version": 1,
  "source_commit": "0050b5d0eedb70a0c13a913a78b406a5f047be58",
  "source_repo": "392fyc/Mercury"
}
